{
  "projects": [
    {
      "projectId": "ikZUwdc7As3DStD19u7teV",
      "version": "latest",
      "dependencies": {},
      "lang": "ts",
      "fileLocks": [
        {
          "type": "globalVariant",
          "assetId": "8GRDEXOszGqE",
          "checksum": "cf5463d925f9ed524cb0cc4e3e30185d"
        },
        {
          "assetId": "ikZUwdc7As3DStD19u7teV",
          "type": "projectCss",
          "checksum": "fb4053725287b4b49fd87bb0c234c96d"
        },
        {
          "assetId": "ikZUwdc7As3DStD19u7teV",
          "checksum": "f997ef68552d4fe62478b94774456b0a",
          "type": "projectModule"
        },
        {
          "assetId": "ikZUwdc7As3DStD19u7teV",
          "checksum": "a4693bb7f8b5e150f44fefad7f576e1a",
          "type": "styleTokensProvider"
        },
        {
          "type": "renderModule",
          "assetId": "chOtdWAOBe7A",
          "checksum": "bad00d2bb17a7fe7349c54f53e813359"
        },
        {
          "type": "cssRules",
          "assetId": "chOtdWAOBe7A",
          "checksum": "bad00d2bb17a7fe7349c54f53e813359"
        },
        {
          "type": "icon",
          "assetId": "So0yqYnacOuZ",
          "checksum": "03d22172a11ab60c6c6850a04cadbe4b"
        },
        {
          "type": "image",
          "assetId": "5DBhJECSwUAk",
          "checksum": "51bae4ba36cdf6895286173efa938831"
        },
        {
          "type": "image",
          "assetId": "kBOcmTKzs5r-",
          "checksum": "13382e13b6dc9d3e7a0b8bc3d679c514"
        },
        {
          "type": "image",
          "assetId": "bLtJzx1TTw7b",
          "checksum": "040f31f2f5267359fd208e5052b1e104"
        }
      ],
      "codegenVersion": "0.0.2"
    }
  ],
  "cliVersion": "0.1.342"
}
